// !$*UTF8*$!
{
	archiveVersion = 1;
	classes = {
	};
	objectVersion = 50;
	objects = {

/* Begin PBXBuildFile section */
		BFB25F5D2449776700B5B9FB /* AppDelegate.swift in Sources */ = {isa = PBXBuildFile; fileRef = BFB25F5C2449776700B5B9FB /* AppDelegate.swift */; };
		BFB25F5F2449776700B5B9FB /* SceneDelegate.swift in Sources */ = {isa = PBXBuildFile; fileRef = BFB25F5E2449776700B5B9FB /* SceneDelegate.swift */; };
		BFB25F612449776700B5B9FB /* ViewController.swift in Sources */ = {isa = PBXBuildFile; fileRef = BFB25F602449776700B5B9FB /* ViewController.swift */; };
		BFB25F642449776700B5B9FB /* Main.storyboard in Resources */ = {isa = PBXBuildFile; fileRef = BFB25F622449776700B5B9FB /* Main.storyboard */; };
		BFB25F662449776800B5B9FB /* Assets.xcassets in Resources */ = {isa = PBXBuildFile; fileRef = BFB25F652449776800B5B9FB /* Assets.xcassets */; };
		BFB25F692449776800B5B9FB /* LaunchScreen.storyboard in Resources */ = {isa = PBXBuildFile; fileRef = BFB25F672449776800B5B9FB /* LaunchScreen.storyboard */; };
		BFB25F72244A378000B5B9FB /* BaseTabBar.swift in Sources */ = {isa = PBXBuildFile; fileRef = BFB25F71244A378000B5B9FB /* BaseTabBar.swift */; };
		BFB25F74244A51D400B5B9FB /* MoviesVC.swift in Sources */ = {isa = PBXBuildFile; fileRef = BFB25F73244A51D400B5B9FB /* MoviesVC.swift */; };
		BFB25F77244B98D300B5B9FB /* MovieCell.swift in Sources */ = {isa = PBXBuildFile; fileRef = BFB25F76244B98D300B5B9FB /* MovieCell.swift */; };
		BFB25F7A244B9CD500B5B9FB /* Movie.swift in Sources */ = {isa = PBXBuildFile; fileRef = BFB25F79244B9CD500B5B9FB /* Movie.swift */; };
		BFB25F7D244B9E5000B5B9FB /* MovieService.swift in Sources */ = {isa = PBXBuildFile; fileRef = BFB25F7C244B9E5000B5B9FB /* MovieService.swift */; };
/* End PBXBuildFile section */

/* Begin PBXFileReference section */
		BFB25F592449776700B5B9FB /* movies.app */ = {isa = PBXFileReference; explicitFileType = wrapper.application; includeInIndex = 0; path = movies.app; sourceTree = BUILT_PRODUCTS_DIR; };
		BFB25F5C2449776700B5B9FB /* AppDelegate.swift */ = {isa = PBXFileReference; lastKnownFileType = sourcecode.swift; path = AppDelegate.swift; sourceTree = "<group>"; };
		BFB25F5E2449776700B5B9FB /* SceneDelegate.swift */ = {isa = PBXFileReference; lastKnownFileType = sourcecode.swift; path = SceneDelegate.swift; sourceTree = "<group>"; };
		BFB25F602449776700B5B9FB /* ViewController.swift */ = {isa = PBXFileReference; lastKnownFileType = sourcecode.swift; path = ViewController.swift; sourceTree = "<group>"; };
		BFB25F632449776700B5B9FB /* Base */ = {isa = PBXFileReference; lastKnownFileType = file.storyboard; name = Base; path = Base.lproj/Main.storyboard; sourceTree = "<group>"; };
		BFB25F652449776800B5B9FB /* Assets.xcassets */ = {isa = PBXFileReference; lastKnownFileType = folder.assetcatalog; path = Assets.xcassets; sourceTree = "<group>"; };
		BFB25F682449776800B5B9FB /* Base */ = {isa = PBXFileReference; lastKnownFileType = file.storyboard; name = Base; path = Base.lproj/LaunchScreen.storyboard; sourceTree = "<group>"; };
		BFB25F6A2449776800B5B9FB /* Info.plist */ = {isa = PBXFileReference; lastKnownFileType = text.plist.xml; path = Info.plist; sourceTree = "<group>"; };
		BFB25F71244A378000B5B9FB /* BaseTabBar.swift */ = {isa = PBXFileReference; lastKnownFileType = sourcecode.swift; path = BaseTabBar.swift; sourceTree = "<group>"; };
		BFB25F73244A51D400B5B9FB /* MoviesVC.swift */ = {isa = PBXFileReference; lastKnownFileType = sourcecode.swift; path = MoviesVC.swift; sourceTree = "<group>"; };
		BFB25F76244B98D300B5B9FB /* MovieCell.swift */ = {isa = PBXFileReference; lastKnownFileType = sourcecode.swift; path = MovieCell.swift; sourceTree = "<group>"; };
		BFB25F79244B9CD500B5B9FB /* Movie.swift */ = {isa = PBXFileReference; lastKnownFileType = sourcecode.swift; path = Movie.swift; sourceTree = "<group>"; };
		BFB25F7C244B9E5000B5B9FB /* MovieService.swift */ = {isa = PBXFileReference; lastKnownFileType = sourcecode.swift; path = MovieService.swift; sourceTree = "<group>"; };
/* End PBXFileReference section */

/* Begin PBXFrameworksBuildPhase section */
		BFB25F562449776700B5B9FB /* Frameworks */ = {
			isa = PBXFrameworksBuildPhase;
			buildActionMask = 2147483647;
			files = (
			);
			runOnlyForDeploymentPostprocessing = 0;
		};
/* End PBXFrameworksBuildPhase section */

/* Begin PBXGroup section */
		BFB25F502449776700B5B9FB = {
			isa = PBXGroup;
			children = (
				BFB25F5B2449776700B5B9FB /* movies */,
				BFB25F5A2449776700B5B9FB /* Products */,
			);
			sourceTree = "<group>";
		};
		BFB25F5A2449776700B5B9FB /* Products */ = {
			isa = PBXGroup;
			children = (
				BFB25F592449776700B5B9FB /* movies.app */,
			);
			name = Products;
			sourceTree = "<group>";
		};
		BFB25F5B2449776700B5B9FB /* movies */ = {
			isa = PBXGroup;
			children = (
				BFB25F7B244B9E3B00B5B9FB /* Service */,
				BFB25F78244B9CC400B5B9FB /* Model */,
				BFB25F75244B98BB00B5B9FB /* View */,
				BFB25F70244A376200B5B9FB /* Controller */,
				BFB25F5C2449776700B5B9FB /* AppDelegate.swift */,
				BFB25F5E2449776700B5B9FB /* SceneDelegate.swift */,
				BFB25F602449776700B5B9FB /* ViewController.swift */,
				BFB25F622449776700B5B9FB /* Main.storyboard */,
				BFB25F652449776800B5B9FB /* Assets.xcassets */,
				BFB25F672449776800B5B9FB /* LaunchScreen.storyboard */,
				BFB25F6A2449776800B5B9FB /* Info.plist */,
			);
			path = movies;
			sourceTree = "<group>";
		};
		BFB25F70244A376200B5B9FB /* Controller */ = {
			isa = PBXGroup;
			children = (
				BFB25F71244A378000B5B9FB /* BaseTabBar.swift */,
				BFB25F73244A51D400B5B9FB /* MoviesVC.swift */,
			);
			path = Controller;
			sourceTree = "<group>";
		};
		BFB25F75244B98BB00B5B9FB /* View */ = {
			isa = PBXGroup;
			children = (
				BFB25F76244B98D300B5B9FB /* MovieCell.swift */,
			);
			path = View;
			sourceTree = "<group>";
		};
		BFB25F78244B9CC400B5B9FB /* Model */ = {
			isa = PBXGroup;
			children = (
				BFB25F79244B9CD500B5B9FB /* Movie.swift */,
			);
			path = Model;
			sourceTree = "<group>";
		};
		BFB25F7B244B9E3B00B5B9FB /* Service */ = {
			isa = PBXGroup;
			children = (
				BFB25F7C244B9E5000B5B9FB /* MovieService.swift */,
			);
			path = Service;
			sourceTree = "<group>";
		};
/* End PBXGroup section */

/* Begin PBXNativeTarget section */
		BFB25F582449776700B5B9FB /* movies */ = {
			isa = PBXNativeTarget;
			buildConfigurationList = BFB25F6D2449776800B5B9FB /* Build configuration list for PBXNativeTarget "movies" */;
			buildPhases = (
				BFB25F552449776700B5B9FB /* Sources */,
				BFB25F562449776700B5B9FB /* Frameworks */,
				BFB25F572449776700B5B9FB /* Resources */,
			);
			buildRules = (
			);
			dependencies = (
			);
			name = movies;
			productName = movies;
			productReference = BFB25F592449776700B5B9FB /* movies.app */;
			productType = "com.apple.product-type.application";
		};
/* End PBXNativeTarget section */

/* Begin PBXProject section */
		BFB25F512449776700B5B9FB /* Project object */ = {
			isa = PBXProject;
			attributes = {
				LastSwiftUpdateCheck = 1140;
				LastUpgradeCheck = 1140;
				ORGANIZATIONNAME = "Cleber Reis";
				TargetAttributes = {
					BFB25F582449776700B5B9FB = {
						CreatedOnToolsVersion = 11.4.1;
					};
				};
			};
			buildConfigurationList = BFB25F542449776700B5B9FB /* Build configuration list for PBXProject "movies" */;
			compatibilityVersion = "Xcode 9.3";
			developmentRegion = en;
			hasScannedForEncodings = 0;
			knownRegions = (
				en,
				Base,
			);
			mainGroup = BFB25F502449776700B5B9FB;
			productRefGroup = BFB25F5A2449776700B5B9FB /* Products */;
			projectDirPath = "";
			projectRoot = "";
			targets = (
				BFB25F582449776700B5B9FB /* movies */,
			);
		};
/* End PBXProject section */

/* Begin PBXResourcesBuildPhase section */
		BFB25F572449776700B5B9FB /* Resources */ = {
			isa = PBXResourcesBuildPhase;
			buildActionMask = 2147483647;
			files = (
				BFB25F692449776800B5B9FB /* LaunchScreen.storyboard in Resources */,
				BFB25F662449776800B5B9FB /* Assets.xcassets in Resources */,
				BFB25F642449776700B5B9FB /* Main.storyboard in Resources */,
			);
			runOnlyForDeploymentPostprocessing = 0;
		};
/* End PBXResourcesBuildPhase section */

/* Begin PBXSourcesBuildPhase section */
		BFB25F552449776700B5B9FB /* Sources */ = {
			isa = PBXSourcesBuildPhase;
			buildActionMask = 2147483647;
			files = (
				BFB25F7A244B9CD500B5B9FB /* Movie.swift in Sources */,
				BFB25F74244A51D400B5B9FB /* MoviesVC.swift in Sources */,
				BFB25F612449776700B5B9FB /* ViewController.swift in Sources */,
				BFB25F77244B98D300B5B9FB /* MovieCell.swift in Sources */,
				BFB25F5D2449776700B5B9FB /* AppDelegate.swift in Sources */,
				BFB25F72244A378000B5B9FB /* BaseTabBar.swift in Sources */,
				BFB25F7D244B9E5000B5B9FB /* MovieService.swift in Sources */,
				BFB25F5F2449776700B5B9FB /* SceneDelegate.swift in Sources */,
			);
			runOnlyForDeploymentPostprocessing = 0;
		};
/* End PBXSourcesBuildPhase section */

/* Begin PBXVariantGroup section */
		BFB25F622449776700B5B9FB /* Main.storyboard */ = {
			isa = PBXVariantGroup;
			children = (
				BFB25F632449776700B5B9FB /* Base */,
			);
			name = Main.storyboard;
			sourceTree = "<group>";
		};
		BFB25F672449776800B5B9FB /* LaunchScreen.storyboard */ = {
			isa = PBXVariantGroup;
			children = (
				BFB25F682449776800B5B9FB /* Base */,
			);
			name = LaunchScreen.storyboard;
			sourceTree = "<group>";
		};
/* End PBXVariantGroup section */

/* Begin XCBuildConfiguration section */
		BFB25F6B2449776800B5B9FB /* Debug */ = {
			isa = XCBuildConfiguration;
			buildSettings = {
				ALWAYS_SEARCH_USER_PATHS = NO;
				CLANG_ANALYZER_NONNULL = YES;
				CLANG_ANALYZER_NUMBER_OBJECT_CONVERSION = YES_AGGRESSIVE;
				CLANG_CXX_LANGUAGE_STANDARD = "gnu++14";
				CLANG_CXX_LIBRARY = "libc++";
				CLANG_ENABLE_MODULES = YES;
				CLANG_ENABLE_OBJC_ARC = YES;
				CLANG_ENABLE_OBJC_WEAK = YES;
				CLANG_WARN_BLOCK_CAPTURE_AUTORELEASING = YES;
				CLANG_WARN_BOOL_CONVERSION = YES;
				CLANG_WARN_COMMA = YES;
				CLANG_WARN_CONSTANT_CONVERSION = YES;
				CLANG_WARN_DEPRECATED_OBJC_IMPLEMENTATIONS = YES;
				CLANG_WARN_DIRECT_OBJC_ISA_USAGE = YES_ERROR;
				CLANG_WARN_DOCUMENTATION_COMMENTS = YES;
				CLANG_WARN_EMPTY_BODY = YES;
				CLANG_WARN_ENUM_CONVERSION = YES;
				CLANG_WARN_INFINITE_RECURSION = YES;
				CLANG_WARN_INT_CONVERSION = YES;
				CLANG_WARN_NON_LITERAL_NULL_CONVERSION = YES;
				CLANG_WARN_OBJC_IMPLICIT_RETAIN_SELF = YES;
				CLANG_WARN_OBJC_LITERAL_CONVERSION = YES;
				CLANG_WARN_OBJC_ROOT_CLASS = YES_ERROR;
				CLANG_WARN_RANGE_LOOP_ANALYSIS = YES;
				CLANG_WARN_STRICT_PROTOTYPES = YES;
				CLANG_WARN_SUSPICIOUS_MOVE = YES;
				CLANG_WARN_UNGUARDED_AVAILABILITY = YES_AGGRESSIVE;
				CLANG_WARN_UNREACHABLE_CODE = YES;
				CLANG_WARN__DUPLICATE_METHOD_MATCH = YES;
				COPY_PHASE_STRIP = NO;
				DEBUG_INFORMATION_FORMAT = dwarf;
				ENABLE_STRICT_OBJC_MSGSEND = YES;
				ENABLE_TESTABILITY = YES;
				GCC_C_LANGUAGE_STANDARD = gnu11;
				GCC_DYNAMIC_NO_PIC = NO;
				GCC_NO_COMMON_BLOCKS = YES;
				GCC_OPTIMIZATION_LEVEL = 0;
				GCC_PREPROCESSOR_DEFINITIONS = (
					"DEBUG=1",
					"$(inherited)",
				);
				GCC_WARN_64_TO_32_BIT_CONVERSION = YES;
				GCC_WARN_ABOUT_RETURN_TYPE = YES_ERROR;
				GCC_WARN_UNDECLARED_SELECTOR = YES;
				GCC_WARN_UNINITIALIZED_AUTOS = YES_AGGRESSIVE;
				GCC_WARN_UNUSED_FUNCTION = YES;
				GCC_WARN_UNUSED_VARIABLE = YES;
				IPHONEOS_DEPLOYMENT_TARGET = 13.4;
				MTL_ENABLE_DEBUG_INFO = INCLUDE_SOURCE;
				MTL_FAST_MATH = YES;
				ONLY_ACTIVE_ARCH = YES;
				SDKROOT = iphoneos;
				SWIFT_ACTIVE_COMPILATION_CONDITIONS = DEBUG;
				SWIFT_OPTIMIZATION_LEVEL = "-Onone";
			};
			name = Debug;
		};
		BFB25F6C2449776800B5B9FB /* Release */ = {
			isa = XCBuildConfiguration;
			buildSettings = {
				ALWAYS_SEARCH_USER_PATHS = NO;
				CLANG_ANALYZER_NONNULL = YES;
				CLANG_ANALYZER_NUMBER_OBJECT_CONVERSION = YES_AGGRESSIVE;
				CLANG_CXX_LANGUAGE_STANDARD = "gnu++14";
				CLANG_CXX_LIBRARY = "libc++";
				CLANG_ENABLE_MODULES = YES;
				CLANG_ENABLE_OBJC_ARC = YES;
				CLANG_ENABLE_OBJC_WEAK = YES;
				CLANG_WARN_BLOCK_CAPTURE_AUTORELEASING = YES;
				CLANG_WARN_BOOL_CONVERSION = YES;
				CLANG_WARN_COMMA = YES;
				CLANG_WARN_CONSTANT_CONVERSION = YES;
				CLANG_WARN_DEPRECATED_OBJC_IMPLEMENTATIONS = YES;
				CLANG_WARN_DIRECT_OBJC_ISA_USAGE = YES_ERROR;
				CLANG_WARN_DOCUMENTATION_COMMENTS = YES;
				CLANG_WARN_EMPTY_BODY = YES;
				CLANG_WARN_ENUM_CONVERSION = YES;
				CLANG_WARN_INFINITE_RECURSION = YES;
				CLANG_WARN_INT_CONVERSION = YES;
				CLANG_WARN_NON_LITERAL_NULL_CONVERSION = YES;
				CLANG_WARN_OBJC_IMPLICIT_RETAIN_SELF = YES;
				CLANG_WARN_OBJC_LITERAL_CONVERSION = YES;
				CLANG_WARN_OBJC_ROOT_CLASS = YES_ERROR;
				CLANG_WARN_RANGE_LOOP_ANALYSIS = YES;
				CLANG_WARN_STRICT_PROTOTYPES = YES;
				CLANG_WARN_SUSPICIOUS_MOVE = YES;
				CLANG_WARN_UNGUARDED_AVAILABILITY = YES_AGGRESSIVE;
				CLANG_WARN_UNREACHABLE_CODE = YES;
				CLANG_WARN__DUPLICATE_METHOD_MATCH = YES;
				COPY_PHASE_STRIP = NO;
				DEBUG_INFORMATION_FORMAT = "dwarf-with-dsym";
				ENABLE_NS_ASSERTIONS = NO;
				ENABLE_STRICT_OBJC_MSGSEND = YES;
				GCC_C_LANGUAGE_STANDARD = gnu11;
				GCC_NO_COMMON_BLOCKS = YES;
				GCC_WARN_64_TO_32_BIT_CONVERSION = YES;
				GCC_WARN_ABOUT_RETURN_TYPE = YES_ERROR;
				GCC_WARN_UNDECLARED_SELECTOR = YES;
				GCC_WARN_UNINITIALIZED_AUTOS = YES_AGGRESSIVE;
				GCC_WARN_UNUSED_FUNCTION = YES;
				GCC_WARN_UNUSED_VARIABLE = YES;
				IPHONEOS_DEPLOYMENT_TARGET = 13.4;
				MTL_ENABLE_DEBUG_INFO = NO;
				MTL_FAST_MATH = YES;
				SDKROOT = iphoneos;
				SWIFT_COMPILATION_MODE = wholemodule;
				SWIFT_OPTIMIZATION_LEVEL = "-O";
				VALIDATE_PRODUCT = YES;
			};
			name = Release;
		};
		BFB25F6E2449776800B5B9FB /* Debug */ = {
			isa = XCBuildConfiguration;
			buildSettings = {
				ASSETCATALOG_COMPILER_APPICON_NAME = AppIcon;
				CODE_SIGN_STYLE = Automatic;
				DEVELOPMENT_TEAM = LW25232UJ4;
				INFOPLIST_FILE = movies/Info.plist;
				LD_RUNPATH_SEARCH_PATHS = (
					"$(inherited)",
					"@executable_path/Frameworks",
				);
				PRODUCT_BUNDLE_IDENTIFIER = br.com.cleberreis.movies;
				PRODUCT_NAME = "$(TARGET_NAME)";
				SWIFT_VERSION = 5.0;
				TARGETED_DEVICE_FAMILY = "1,2";
			};
			name = Debug;
		};
		BFB25F6F2449776800B5B9FB /* Release */ = {
			isa = XCBuildConfiguration;
			buildSettings = {
				ASSETCATALOG_COMPILER_APPICON_NAME = AppIcon;
				CODE_SIGN_STYLE = Automatic;
				DEVELOPMENT_TEAM = LW25232UJ4;
				INFOPLIST_FILE = movies/Info.plist;
				LD_RUNPATH_SEARCH_PATHS = (
					"$(inherited)",
					"@executable_path/Frameworks",
				);
				PRODUCT_BUNDLE_IDENTIFIER = br.com.cleberreis.movies;
				PRODUCT_NAME = "$(TARGET_NAME)";
				SWIFT_VERSION = 5.0;
				TARGETED_DEVICE_FAMILY = "1,2";
			};
			name = Release;
		};
/* End XCBuildConfiguration section */

/* Begin XCConfigurationList section */
		BFB25F542449776700B5B9FB /* Build configuration list for PBXProject "movies" */ = {
			isa = XCConfigurationList;
			buildConfigurations = (
				BFB25F6B2449776800B5B9FB /* Debug */,
				BFB25F6C2449776800B5B9FB /* Release */,
			);
			defaultConfigurationIsVisible = 0;
			defaultConfigurationName = Release;
		};
		BFB25F6D2449776800B5B9FB /* Build configuration list for PBXNativeTarget "movies" */ = {
			isa = XCConfigurationList;
			buildConfigurations = (
				BFB25F6E2449776800B5B9FB /* Debug */,
				BFB25F6F2449776800B5B9FB /* Release */,
			);
			defaultConfigurationIsVisible = 0;
			defaultConfigurationName = Release;
		};
/* End XCConfigurationList section */
	};
	rootObject = BFB25F512449776700B5B9FB /* Project object */;
}
